
Microsoft Visual Studio Solution File, Format Version 12.00
# Visual Studio 14
VisualStudioVersion = 14.0.23107.0
MinimumVisualStudioVersion = 10.0.40219.1
Project("{FAE04EC0-301F-11D3-BF4B-00C04F79EFBC}") = "MyInfluxDbClient", "projects\MyInfluxDbClient\MyInfluxDbClient.csproj", "{8BDC0C80-D83B-42EB-915B-A1694559E16A}"
EndProject
Project("{2150E333-8FDC-42A3-9474-1A3956D46DE8}") = "Solution Items", "Solution Items", "{FBA435B4-A054-4AFB-88F8-EAD82C78915E}"
	ProjectSection(SolutionItems) = preProject
		GlobalAssemblyInfo.cs = GlobalAssemblyInfo.cs
	EndProjectSection
EndProject
Project("{2150E333-8FDC-42A3-9474-1A3956D46DE8}") = "Samples", "Samples", "{FC7FE826-678B-4328-9E2E-2D0F2A5F87D5}"
EndProject
Project("{FAE04EC0-301F-11D3-BF4B-00C04F79EFBC}") = "MrLab", "samples\MrLab\MrLab.csproj", "{77A22938-FD3C-4458-AB5D-F3381E902275}"
EndProject
Project("{FAE04EC0-301F-11D3-BF4B-00C04F79EFBC}") = "MyInfluxDbClient.UnitTests", "tests\MyInfluxDbClient.UnitTests\MyInfluxDbClient.UnitTests.csproj", "{DC0BBD78-FB59-4110-A591-6428440AE2C0}"
EndProject
Project("{2150E333-8FDC-42A3-9474-1A3956D46DE8}") = "Tests", "Tests", "{889F2909-36EE-4081-BCBE-6CA87B36A267}"
EndProject
Project("{FAE04EC0-301F-11D3-BF4B-00C04F79EFBC}") = "MyInfluxDbClient.IntegrationTests", "tests\MyInfluxDbClient.IntegrationTests\MyInfluxDbClient.IntegrationTests.csproj", "{24438A45-5580-4E51-812A-7EE8C32AA009}"
EndProject
Global
	GlobalSection(SolutionConfigurationPlatforms) = preSolution
		Debug|Any CPU = Debug|Any CPU
		Release|Any CPU = Release|Any CPU
	EndGlobalSection
	GlobalSection(ProjectConfigurationPlatforms) = postSolution
		{8BDC0C80-D83B-42EB-915B-A1694559E16A}.Debug|Any CPU.ActiveCfg = Debug|Any CPU
		{8BDC0C80-D83B-42EB-915B-A1694559E16A}.Debug|Any CPU.Build.0 = Debug|Any CPU
		{8BDC0C80-D83B-42EB-915B-A1694559E16A}.Release|Any CPU.ActiveCfg = Release|Any CPU
		{8BDC0C80-D83B-42EB-915B-A1694559E16A}.Release|Any CPU.Build.0 = Release|Any CPU
		{77A22938-FD3C-4458-AB5D-F3381E902275}.Debug|Any CPU.ActiveCfg = Debug|Any CPU
		{77A22938-FD3C-4458-AB5D-F3381E902275}.Debug|Any CPU.Build.0 = Debug|Any CPU
		{77A22938-FD3C-4458-AB5D-F3381E902275}.Release|Any CPU.ActiveCfg = Release|Any CPU
		{77A22938-FD3C-4458-AB5D-F3381E902275}.Release|Any CPU.Build.0 = Release|Any CPU
		{DC0BBD78-FB59-4110-A591-6428440AE2C0}.Debug|Any CPU.ActiveCfg = Debug|Any CPU
		{DC0BBD78-FB59-4110-A591-6428440AE2C0}.Debug|Any CPU.Build.0 = Debug|Any CPU
		{DC0BBD78-FB59-4110-A591-6428440AE2C0}.Release|Any CPU.ActiveCfg = Release|Any CPU
		{DC0BBD78-FB59-4110-A591-6428440AE2C0}.Release|Any CPU.Build.0 = Release|Any CPU
		{24438A45-5580-4E51-812A-7EE8C32AA009}.Debug|Any CPU.ActiveCfg = Debug|Any CPU
		{24438A45-5580-4E51-812A-7EE8C32AA009}.Debug|Any CPU.Build.0 = Debug|Any CPU
		{24438A45-5580-4E51-812A-7EE8C32AA009}.Release|Any CPU.ActiveCfg = Release|Any CPU
		{24438A45-5580-4E51-812A-7EE8C32AA009}.Release|Any CPU.Build.0 = Release|Any CPU
	EndGlobalSection
	GlobalSection(SolutionProperties) = preSolution
		HideSolutionNode = FALSE
	EndGlobalSection
	GlobalSection(NestedProjects) = preSolution
		{77A22938-FD3C-4458-AB5D-F3381E902275} = {FC7FE826-678B-4328-9E2E-2D0F2A5F87D5}
		{DC0BBD78-FB59-4110-A591-6428440AE2C0} = {889F2909-36EE-4081-BCBE-6CA87B36A267}
		{24438A45-5580-4E51-812A-7EE8C32AA009} = {889F2909-36EE-4081-BCBE-6CA87B36A267}
	EndGlobalSection
EndGlobal
